
Microsoft Visual Studio Solution File, Format Version 12.00
# Visual Studio Version 17
VisualStudioVersion = 17.0.31825.309
MinimumVisualStudioVersion = 10.0.40219.1
Project("{2150E333-8FDC-42A3-9474-1A3956D46DE8}") = "Core", "Core", "{E36060F1-DA49-4B0E-888C-3F173E5846A4}"
EndProject
Project("{2150E333-8FDC-42A3-9474-1A3956D46DE8}") = "Infrastructure", "Infrastructure", "{A6EB992A-37BA-434B-A210-38AE6D2A617A}"
EndProject
Project("{2150E333-8FDC-42A3-9474-1A3956D46DE8}") = "Presentation", "Presentation", "{C93CA99D-1CD8-4AFE-AC22-3F8754230C70}"
EndProject
Project("{9A19103F-16F7-4668-BE54-9A1E7A4F7556}") = "WebAPI", "WebAPI\WebAPI.csproj", "{00F060AB-70B0-4D07-A822-0EC84E3FE2F4}"
EndProject
Project("{9A19103F-16F7-4668-BE54-9A1E7A4F7556}") = "Application", "Test\Application.csproj", "{A699538D-FB51-49CA-B6A5-FDEB792130D5}"
EndProject
Project("{9A19103F-16F7-4668-BE54-9A1E7A4F7556}") = "Domain", "TestDomain\Domain.csproj", "{619D4D6B-C7FA-442F-8BCE-9A11610CA9FC}"
EndProject
Project("{9A19103F-16F7-4668-BE54-9A1E7A4F7556}") = "Persistence", "PersistenceTest\Persistence.csproj", "{697A2B3C-101B-4B8F-9805-FC8943ADC9BD}"
EndProject
Project("{2150E333-8FDC-42A3-9474-1A3956D46DE8}") = "99Tests", "99Tests", "{1360DF96-E14D-4A1B-B08F-4C3348C89312}"
EndProject
Project("{FAE04EC0-301F-11D3-BF4B-00C04F79EFBC}") = "Infrastructure.Tests", "Infrastructure.Tests\Infrastructure.Tests.csproj", "{0464A1CD-DC37-479A-82D5-D9F45739EB80}"
Project("{2150E333-8FDC-42A3-9474-1A3956D46DE8}") = "ML", "ML", "{C71F729C-58A2-4AF5-A69D-B76A246BEC22}"
EndProject
Project("{FAE04EC0-301F-11D3-BF4B-00C04F79EFBC}") = "ModelTrainer", "ModelTrainer\ModelTrainer.csproj", "{8C0599E5-E41E-493B-AC08-051F81336F0D}"
EndProject
Project("{FAE04EC0-301F-11D3-BF4B-00C04F79EFBC}") = "PredictionGenerator", "PredictionGenerator\PredictionGenerator.csproj", "{E21A876C-2092-4E0D-9FDF-BE5BDE87E3EE}"
EndProject
Global
	GlobalSection(SolutionConfigurationPlatforms) = preSolution
		Debug|Any CPU = Debug|Any CPU
		Release|Any CPU = Release|Any CPU
	EndGlobalSection
	GlobalSection(ProjectConfigurationPlatforms) = postSolution
		{00F060AB-70B0-4D07-A822-0EC84E3FE2F4}.Debug|Any CPU.ActiveCfg = Debug|Any CPU
		{00F060AB-70B0-4D07-A822-0EC84E3FE2F4}.Debug|Any CPU.Build.0 = Debug|Any CPU
		{00F060AB-70B0-4D07-A822-0EC84E3FE2F4}.Release|Any CPU.ActiveCfg = Release|Any CPU
		{00F060AB-70B0-4D07-A822-0EC84E3FE2F4}.Release|Any CPU.Build.0 = Release|Any CPU
		{A699538D-FB51-49CA-B6A5-FDEB792130D5}.Debug|Any CPU.ActiveCfg = Debug|Any CPU
		{A699538D-FB51-49CA-B6A5-FDEB792130D5}.Debug|Any CPU.Build.0 = Debug|Any CPU
		{A699538D-FB51-49CA-B6A5-FDEB792130D5}.Release|Any CPU.ActiveCfg = Release|Any CPU
		{A699538D-FB51-49CA-B6A5-FDEB792130D5}.Release|Any CPU.Build.0 = Release|Any CPU
		{619D4D6B-C7FA-442F-8BCE-9A11610CA9FC}.Debug|Any CPU.ActiveCfg = Debug|Any CPU
		{619D4D6B-C7FA-442F-8BCE-9A11610CA9FC}.Debug|Any CPU.Build.0 = Debug|Any CPU
		{619D4D6B-C7FA-442F-8BCE-9A11610CA9FC}.Release|Any CPU.ActiveCfg = Release|Any CPU
		{619D4D6B-C7FA-442F-8BCE-9A11610CA9FC}.Release|Any CPU.Build.0 = Release|Any CPU
		{697A2B3C-101B-4B8F-9805-FC8943ADC9BD}.Debug|Any CPU.ActiveCfg = Debug|Any CPU
		{697A2B3C-101B-4B8F-9805-FC8943ADC9BD}.Debug|Any CPU.Build.0 = Debug|Any CPU
		{697A2B3C-101B-4B8F-9805-FC8943ADC9BD}.Release|Any CPU.ActiveCfg = Release|Any CPU
		{697A2B3C-101B-4B8F-9805-FC8943ADC9BD}.Release|Any CPU.Build.0 = Release|Any CPU
		{0464A1CD-DC37-479A-82D5-D9F45739EB80}.Debug|Any CPU.ActiveCfg = Debug|Any CPU
		{0464A1CD-DC37-479A-82D5-D9F45739EB80}.Debug|Any CPU.Build.0 = Debug|Any CPU
		{0464A1CD-DC37-479A-82D5-D9F45739EB80}.Release|Any CPU.ActiveCfg = Release|Any CPU
		{0464A1CD-DC37-479A-82D5-D9F45739EB80}.Release|Any CPU.Build.0 = Release|Any CPU
		{8C0599E5-E41E-493B-AC08-051F81336F0D}.Debug|Any CPU.ActiveCfg = Debug|Any CPU
		{8C0599E5-E41E-493B-AC08-051F81336F0D}.Debug|Any CPU.Build.0 = Debug|Any CPU
		{8C0599E5-E41E-493B-AC08-051F81336F0D}.Release|Any CPU.ActiveCfg = Release|Any CPU
		{8C0599E5-E41E-493B-AC08-051F81336F0D}.Release|Any CPU.Build.0 = Release|Any CPU
		{E21A876C-2092-4E0D-9FDF-BE5BDE87E3EE}.Debug|Any CPU.ActiveCfg = Debug|Any CPU
		{E21A876C-2092-4E0D-9FDF-BE5BDE87E3EE}.Debug|Any CPU.Build.0 = Debug|Any CPU
		{E21A876C-2092-4E0D-9FDF-BE5BDE87E3EE}.Release|Any CPU.ActiveCfg = Release|Any CPU
		{E21A876C-2092-4E0D-9FDF-BE5BDE87E3EE}.Release|Any CPU.Build.0 = Release|Any CPU
	EndGlobalSection
	GlobalSection(SolutionProperties) = preSolution
		HideSolutionNode = FALSE
	EndGlobalSection
	GlobalSection(NestedProjects) = preSolution
		{00F060AB-70B0-4D07-A822-0EC84E3FE2F4} = {C93CA99D-1CD8-4AFE-AC22-3F8754230C70}
		{A699538D-FB51-49CA-B6A5-FDEB792130D5} = {E36060F1-DA49-4B0E-888C-3F173E5846A4}
		{619D4D6B-C7FA-442F-8BCE-9A11610CA9FC} = {E36060F1-DA49-4B0E-888C-3F173E5846A4}
		{697A2B3C-101B-4B8F-9805-FC8943ADC9BD} = {A6EB992A-37BA-434B-A210-38AE6D2A617A}
		{0464A1CD-DC37-479A-82D5-D9F45739EB80} = {1360DF96-E14D-4A1B-B08F-4C3348C89312}
		{8C0599E5-E41E-493B-AC08-051F81336F0D} = {C71F729C-58A2-4AF5-A69D-B76A246BEC22}
		{E21A876C-2092-4E0D-9FDF-BE5BDE87E3EE} = {C71F729C-58A2-4AF5-A69D-B76A246BEC22}
	EndGlobalSection
	GlobalSection(ExtensibilityGlobals) = postSolution
		SolutionGuid = {5716FEFA-4CBC-45D5-B61B-010A3B664176}
	EndGlobalSection
	GlobalSection(MonoDevelopProperties) = preSolution
		Policies = $0
		$0.DotNetNamingPolicy = $1
		$1.DirectoryNamespaceAssociation = PrefixedHierarchical
		$0.StandardHeader = $2
		$0.VersionControlPolicy = $3
	EndGlobalSection
EndGlobal
